
Microsoft Visual Studio Solution File, Format Version 12.00
# Visual Studio Version 16
VisualStudioVersion = 16.0.29519.181
MinimumVisualStudioVersion = 10.0.40219.1
Project("{8BC9CEB8-8B4A-11D0-8D11-00A0C91BC942}") = "SDLTesting2", "SDLTesting2.vcxproj", "{8D64B4BE-44CB-4954-BC09-96BDFC4D251A}"
EndProject
Global
	GlobalSection(SolutionConfigurationPlatforms) = preSolution
		Debug|x64 = Debug|x64
		Debug|x86 = Debug|x86
		Release|x64 = Release|x64
		Release|x86 = Release|x86
	EndGlobalSection
	GlobalSection(ProjectConfigurationPlatforms) = postSolution
		{8D64B4BE-44CB-4954-BC09-96BDFC4D251A}.Debug|x64.ActiveCfg = Debug|x64
		{8D64B4BE-44CB-4954-BC09-96BDFC4D251A}.Debug|x64.Build.0 = Debug|x64
		{8D64B4BE-44CB-4954-BC09-96BDFC4D251A}.Debug|x86.ActiveCfg = Debug|Win32
		{8D64B4BE-44CB-4954-BC09-96BDFC4D251A}.Debug|x86.Build.0 = Debug|Win32
		{8D64B4BE-44CB-4954-BC09-96BDFC4D251A}.Release|x64.ActiveCfg = Release|x64
		{8D64B4BE-44CB-4954-BC09-96BDFC4D251A}.Release|x64.Build.0 = Release|x64
		{8D64B4BE-44CB-4954-BC09-96BDFC4D251A}.Release|x86.ActiveCfg = Release|Win32
		{8D64B4BE-44CB-4954-BC09-96BDFC4D251A}.Release|x86.Build.0 = Release|Win32
	EndGlobalSection
	GlobalSection(SolutionProperties) = preSolution
		HideSolutionNode = FALSE
	EndGlobalSection
	GlobalSection(ExtensibilityGlobals) = postSolution
		SolutionGuid = {F1B21CD3-F3D0-4E9C-9849-C0E3E96639BD}
	EndGlobalSection
EndGlobal
